
Microsoft Visual Studio Solution File, Format Version 12.00
# Visual Studio 15
VisualStudioVersion = 15.0.28307.329
MinimumVisualStudioVersion = 10.0.40219.1
Project("{FAE04EC0-301F-11D3-BF4B-00C04F79EFBC}") = "Prisoner.Android", "Prisoner\Prisoner.Android\Prisoner.Android.csproj", "{9856508E-63C0-4ACA-A04E-AAC54CFFC45F}"
EndProject
Project("{FAE04EC0-301F-11D3-BF4B-00C04F79EFBC}") = "Prisoner.iOS", "Prisoner\Prisoner.iOS\Prisoner.iOS.csproj", "{A2180583-2614-4D01-82D0-34C9C0AD8220}"
EndProject
Project("{FAE04EC0-301F-11D3-BF4B-00C04F79EFBC}") = "Prisoner", "Prisoner\Prisoner\Prisoner.csproj", "{F308E257-18D8-4D1D-B1B0-4A32B2DDF5C5}"
EndProject
Global
	GlobalSection(SolutionConfigurationPlatforms) = preSolution
		Ad-Hoc|Any CPU = Ad-Hoc|Any CPU
		Ad-Hoc|iPhone = Ad-Hoc|iPhone
		Ad-Hoc|iPhoneSimulator = Ad-Hoc|iPhoneSimulator
		AppStore|Any CPU = AppStore|Any CPU
		AppStore|iPhone = AppStore|iPhone
		AppStore|iPhoneSimulator = AppStore|iPhoneSimulator
		Debug|Any CPU = Debug|Any CPU
		Debug|iPhone = Debug|iPhone
		Debug|iPhoneSimulator = Debug|iPhoneSimulator
		Release|Any CPU = Release|Any CPU
		Release|iPhone = Release|iPhone
		Release|iPhoneSimulator = Release|iPhoneSimulator
	EndGlobalSection
	GlobalSection(ProjectConfigurationPlatforms) = postSolution
		{9856508E-63C0-4ACA-A04E-AAC54CFFC45F}.Ad-Hoc|Any CPU.ActiveCfg = Release|Any CPU
		{9856508E-63C0-4ACA-A04E-AAC54CFFC45F}.Ad-Hoc|Any CPU.Build.0 = Release|Any CPU
		{9856508E-63C0-4ACA-A04E-AAC54CFFC45F}.Ad-Hoc|Any CPU.Deploy.0 = Release|Any CPU
		{9856508E-63C0-4ACA-A04E-AAC54CFFC45F}.Ad-Hoc|iPhone.ActiveCfg = Release|Any CPU
		{9856508E-63C0-4ACA-A04E-AAC54CFFC45F}.Ad-Hoc|iPhone.Build.0 = Release|Any CPU
		{9856508E-63C0-4ACA-A04E-AAC54CFFC45F}.Ad-Hoc|iPhone.Deploy.0 = Release|Any CPU
		{9856508E-63C0-4ACA-A04E-AAC54CFFC45F}.Ad-Hoc|iPhoneSimulator.ActiveCfg = Release|Any CPU
		{9856508E-63C0-4ACA-A04E-AAC54CFFC45F}.Ad-Hoc|iPhoneSimulator.Build.0 = Release|Any CPU
		{9856508E-63C0-4ACA-A04E-AAC54CFFC45F}.Ad-Hoc|iPhoneSimulator.Deploy.0 = Release|Any CPU
		{9856508E-63C0-4ACA-A04E-AAC54CFFC45F}.AppStore|Any CPU.ActiveCfg = Release|Any CPU
		{9856508E-63C0-4ACA-A04E-AAC54CFFC45F}.AppStore|Any CPU.Build.0 = Release|Any CPU
		{9856508E-63C0-4ACA-A04E-AAC54CFFC45F}.AppStore|Any CPU.Deploy.0 = Release|Any CPU
		{9856508E-63C0-4ACA-A04E-AAC54CFFC45F}.AppStore|iPhone.ActiveCfg = Release|Any CPU
		{9856508E-63C0-4ACA-A04E-AAC54CFFC45F}.AppStore|iPhone.Build.0 = Release|Any CPU
		{9856508E-63C0-4ACA-A04E-AAC54CFFC45F}.AppStore|iPhone.Deploy.0 = Release|Any CPU
		{9856508E-63C0-4ACA-A04E-AAC54CFFC45F}.AppStore|iPhoneSimulator.ActiveCfg = Release|Any CPU
		{9856508E-63C0-4ACA-A04E-AAC54CFFC45F}.AppStore|iPhoneSimulator.Build.0 = Release|Any CPU
		{9856508E-63C0-4ACA-A04E-AAC54CFFC45F}.AppStore|iPhoneSimulator.Deploy.0 = Release|Any CPU
		{9856508E-63C0-4ACA-A04E-AAC54CFFC45F}.Debug|Any CPU.ActiveCfg = Debug|Any CPU
		{9856508E-63C0-4ACA-A04E-AAC54CFFC45F}.Debug|Any CPU.Build.0 = Debug|Any CPU
		{9856508E-63C0-4ACA-A04E-AAC54CFFC45F}.Debug|Any CPU.Deploy.0 = Debug|Any CPU
		{9856508E-63C0-4ACA-A04E-AAC54CFFC45F}.Debug|iPhone.ActiveCfg = Debug|Any CPU
		{9856508E-63C0-4ACA-A04E-AAC54CFFC45F}.Debug|iPhone.Build.0 = Debug|Any CPU
		{9856508E-63C0-4ACA-A04E-AAC54CFFC45F}.Debug|iPhone.Deploy.0 = Debug|Any CPU
		{9856508E-63C0-4ACA-A04E-AAC54CFFC45F}.Debug|iPhoneSimulator.ActiveCfg = Debug|Any CPU
		{9856508E-63C0-4ACA-A04E-AAC54CFFC45F}.Debug|iPhoneSimulator.Build.0 = Debug|Any CPU
		{9856508E-63C0-4ACA-A04E-AAC54CFFC45F}.Debug|iPhoneSimulator.Deploy.0 = Debug|Any CPU
		{9856508E-63C0-4ACA-A04E-AAC54CFFC45F}.Release|Any CPU.ActiveCfg = Release|Any CPU
		{9856508E-63C0-4ACA-A04E-AAC54CFFC45F}.Release|Any CPU.Build.0 = Release|Any CPU
		{9856508E-63C0-4ACA-A04E-AAC54CFFC45F}.Release|Any CPU.Deploy.0 = Release|Any CPU
		{9856508E-63C0-4ACA-A04E-AAC54CFFC45F}.Release|iPhone.ActiveCfg = Release|Any CPU
		{9856508E-63C0-4ACA-A04E-AAC54CFFC45F}.Release|iPhone.Build.0 = Release|Any CPU
		{9856508E-63C0-4ACA-A04E-AAC54CFFC45F}.Release|iPhone.Deploy.0 = Release|Any CPU
		{9856508E-63C0-4ACA-A04E-AAC54CFFC45F}.Release|iPhoneSimulator.ActiveCfg = Release|Any CPU
		{9856508E-63C0-4ACA-A04E-AAC54CFFC45F}.Release|iPhoneSimulator.Build.0 = Release|Any CPU
		{9856508E-63C0-4ACA-A04E-AAC54CFFC45F}.Release|iPhoneSimulator.Deploy.0 = Release|Any CPU
		{A2180583-2614-4D01-82D0-34C9C0AD8220}.Ad-Hoc|Any CPU.ActiveCfg = Ad-Hoc|iPhone
		{A2180583-2614-4D01-82D0-34C9C0AD8220}.Ad-Hoc|Any CPU.Build.0 = Ad-Hoc|iPhone
		{A2180583-2614-4D01-82D0-34C9C0AD8220}.Ad-Hoc|Any CPU.Deploy.0 = Ad-Hoc|iPhone
		{A2180583-2614-4D01-82D0-34C9C0AD8220}.Ad-Hoc|iPhone.ActiveCfg = Ad-Hoc|iPhone
		{A2180583-2614-4D01-82D0-34C9C0AD8220}.Ad-Hoc|iPhone.Build.0 = Ad-Hoc|iPhone
		{A2180583-2614-4D01-82D0-34C9C0AD8220}.Ad-Hoc|iPhone.Deploy.0 = Ad-Hoc|iPhone
		{A2180583-2614-4D01-82D0-34C9C0AD8220}.Ad-Hoc|iPhoneSimulator.ActiveCfg = Ad-Hoc|iPhoneSimulator
		{A2180583-2614-4D01-82D0-34C9C0AD8220}.Ad-Hoc|iPhoneSimulator.Build.0 = Ad-Hoc|iPhoneSimulator
		{A2180583-2614-4D01-82D0-34C9C0AD8220}.Ad-Hoc|iPhoneSimulator.Deploy.0 = Ad-Hoc|iPhoneSimulator
		{A2180583-2614-4D01-82D0-34C9C0AD8220}.AppStore|Any CPU.ActiveCfg = AppStore|iPhone
		{A2180583-2614-4D01-82D0-34C9C0AD8220}.AppStore|Any CPU.Build.0 = AppStore|iPhone
		{A2180583-2614-4D01-82D0-34C9C0AD8220}.AppStore|Any CPU.Deploy.0 = AppStore|iPhone
		{A2180583-2614-4D01-82D0-34C9C0AD8220}.AppStore|iPhone.ActiveCfg = AppStore|iPhone
		{A2180583-2614-4D01-82D0-34C9C0AD8220}.AppStore|iPhone.Build.0 = AppStore|iPhone
		{A2180583-2614-4D01-82D0-34C9C0AD8220}.AppStore|iPhone.Deploy.0 = AppStore|iPhone
		{A2180583-2614-4D01-82D0-34C9C0AD8220}.AppStore|iPhoneSimulator.ActiveCfg = AppStore|iPhoneSimulator
		{A2180583-2614-4D01-82D0-34C9C0AD8220}.AppStore|iPhoneSimulator.Build.0 = AppStore|iPhoneSimulator
		{A2180583-2614-4D01-82D0-34C9C0AD8220}.AppStore|iPhoneSimulator.Deploy.0 = AppStore|iPhoneSimulator
		{A2180583-2614-4D01-82D0-34C9C0AD8220}.Debug|Any CPU.ActiveCfg = Debug|iPhoneSimulator
		{A2180583-2614-4D01-82D0-34C9C0AD8220}.Debug|Any CPU.Build.0 = Debug|iPhoneSimulator
		{A2180583-2614-4D01-82D0-34C9C0AD8220}.Debug|Any CPU.Deploy.0 = Debug|iPhoneSimulator
		{A2180583-2614-4D01-82D0-34C9C0AD8220}.Debug|iPhone.ActiveCfg = Debug|iPhone
		{A2180583-2614-4D01-82D0-34C9C0AD8220}.Debug|iPhone.Build.0 = Debug|iPhone
		{A2180583-2614-4D01-82D0-34C9C0AD8220}.Debug|iPhone.Deploy.0 = Debug|iPhone
		{A2180583-2614-4D01-82D0-34C9C0AD8220}.Debug|iPhoneSimulator.ActiveCfg = Debug|iPhoneSimulator
		{A2180583-2614-4D01-82D0-34C9C0AD8220}.Debug|iPhoneSimulator.Build.0 = Debug|iPhoneSimulator
		{A2180583-2614-4D01-82D0-34C9C0AD8220}.Debug|iPhoneSimulator.Deploy.0 = Debug|iPhoneSimulator
		{A2180583-2614-4D01-82D0-34C9C0AD8220}.Release|Any CPU.ActiveCfg = Release|iPhone
		{A2180583-2614-4D01-82D0-34C9C0AD8220}.Release|Any CPU.Build.0 = Release|iPhone
		{A2180583-2614-4D01-82D0-34C9C0AD8220}.Release|Any CPU.Deploy.0 = Release|iPhone
		{A2180583-2614-4D01-82D0-34C9C0AD8220}.Release|iPhone.ActiveCfg = Release|iPhone
		{A2180583-2614-4D01-82D0-34C9C0AD8220}.Release|iPhone.Build.0 = Release|iPhone
		{A2180583-2614-4D01-82D0-34C9C0AD8220}.Release|iPhone.Deploy.0 = Release|iPhone
		{A2180583-2614-4D01-82D0-34C9C0AD8220}.Release|iPhoneSimulator.ActiveCfg = Release|iPhoneSimulator
		{A2180583-2614-4D01-82D0-34C9C0AD8220}.Release|iPhoneSimulator.Build.0 = Release|iPhoneSimulator
		{A2180583-2614-4D01-82D0-34C9C0AD8220}.Release|iPhoneSimulator.Deploy.0 = Release|iPhoneSimulator
		{F308E257-18D8-4D1D-B1B0-4A32B2DDF5C5}.Ad-Hoc|Any CPU.ActiveCfg = Debug|Any CPU
		{F308E257-18D8-4D1D-B1B0-4A32B2DDF5C5}.Ad-Hoc|Any CPU.Build.0 = Debug|Any CPU
		{F308E257-18D8-4D1D-B1B0-4A32B2DDF5C5}.Ad-Hoc|Any CPU.Deploy.0 = Debug|Any CPU
		{F308E257-18D8-4D1D-B1B0-4A32B2DDF5C5}.Ad-Hoc|iPhone.ActiveCfg = Debug|Any CPU
		{F308E257-18D8-4D1D-B1B0-4A32B2DDF5C5}.Ad-Hoc|iPhone.Build.0 = Debug|Any CPU
		{F308E257-18D8-4D1D-B1B0-4A32B2DDF5C5}.Ad-Hoc|iPhone.Deploy.0 = Debug|Any CPU
		{F308E257-18D8-4D1D-B1B0-4A32B2DDF5C5}.Ad-Hoc|iPhoneSimulator.ActiveCfg = Debug|Any CPU
		{F308E257-18D8-4D1D-B1B0-4A32B2DDF5C5}.Ad-Hoc|iPhoneSimulator.Build.0 = Debug|Any CPU
		{F308E257-18D8-4D1D-B1B0-4A32B2DDF5C5}.Ad-Hoc|iPhoneSimulator.Deploy.0 = Debug|Any CPU
		{F308E257-18D8-4D1D-B1B0-4A32B2DDF5C5}.AppStore|Any CPU.ActiveCfg = Debug|Any CPU
		{F308E257-18D8-4D1D-B1B0-4A32B2DDF5C5}.AppStore|Any CPU.Build.0 = Debug|Any CPU
		{F308E257-18D8-4D1D-B1B0-4A32B2DDF5C5}.AppStore|Any CPU.Deploy.0 = Debug|Any CPU
		{F308E257-18D8-4D1D-B1B0-4A32B2DDF5C5}.AppStore|iPhone.ActiveCfg = Debug|Any CPU
		{F308E257-18D8-4D1D-B1B0-4A32B2DDF5C5}.AppStore|iPhone.Build.0 = Debug|Any CPU
		{F308E257-18D8-4D1D-B1B0-4A32B2DDF5C5}.AppStore|iPhone.Deploy.0 = Debug|Any CPU
		{F308E257-18D8-4D1D-B1B0-4A32B2DDF5C5}.AppStore|iPhoneSimulator.ActiveCfg = Debug|Any CPU
		{F308E257-18D8-4D1D-B1B0-4A32B2DDF5C5}.AppStore|iPhoneSimulator.Build.0 = Debug|Any CPU
		{F308E257-18D8-4D1D-B1B0-4A32B2DDF5C5}.AppStore|iPhoneSimulator.Deploy.0 = Debug|Any CPU
		{F308E257-18D8-4D1D-B1B0-4A32B2DDF5C5}.Debug|Any CPU.ActiveCfg = Debug|Any CPU
		{F308E257-18D8-4D1D-B1B0-4A32B2DDF5C5}.Debug|Any CPU.Build.0 = Debug|Any CPU
		{F308E257-18D8-4D1D-B1B0-4A32B2DDF5C5}.Debug|Any CPU.Deploy.0 = Debug|Any CPU
		{F308E257-18D8-4D1D-B1B0-4A32B2DDF5C5}.Debug|iPhone.ActiveCfg = Debug|Any CPU
		{F308E257-18D8-4D1D-B1B0-4A32B2DDF5C5}.Debug|iPhone.Build.0 = Debug|Any CPU
		{F308E257-18D8-4D1D-B1B0-4A32B2DDF5C5}.Debug|iPhone.Deploy.0 = Debug|Any CPU
		{F308E257-18D8-4D1D-B1B0-4A32B2DDF5C5}.Debug|iPhoneSimulator.ActiveCfg = Debug|Any CPU
		{F308E257-18D8-4D1D-B1B0-4A32B2DDF5C5}.Debug|iPhoneSimulator.Build.0 = Debug|Any CPU
		{F308E257-18D8-4D1D-B1B0-4A32B2DDF5C5}.Debug|iPhoneSimulator.Deploy.0 = Debug|Any CPU
		{F308E257-18D8-4D1D-B1B0-4A32B2DDF5C5}.Release|Any CPU.ActiveCfg = Release|Any CPU
		{F308E257-18D8-4D1D-B1B0-4A32B2DDF5C5}.Release|Any CPU.Build.0 = Release|Any CPU
		{F308E257-18D8-4D1D-B1B0-4A32B2DDF5C5}.Release|Any CPU.Deploy.0 = Release|Any CPU
		{F308E257-18D8-4D1D-B1B0-4A32B2DDF5C5}.Release|iPhone.ActiveCfg = Release|Any CPU
		{F308E257-18D8-4D1D-B1B0-4A32B2DDF5C5}.Release|iPhone.Build.0 = Release|Any CPU
		{F308E257-18D8-4D1D-B1B0-4A32B2DDF5C5}.Release|iPhone.Deploy.0 = Release|Any CPU
		{F308E257-18D8-4D1D-B1B0-4A32B2DDF5C5}.Release|iPhoneSimulator.ActiveCfg = Release|Any CPU
		{F308E257-18D8-4D1D-B1B0-4A32B2DDF5C5}.Release|iPhoneSimulator.Build.0 = Release|Any CPU
		{F308E257-18D8-4D1D-B1B0-4A32B2DDF5C5}.Release|iPhoneSimulator.Deploy.0 = Release|Any CPU
	EndGlobalSection
	GlobalSection(SolutionProperties) = preSolution
		HideSolutionNode = FALSE
	EndGlobalSection
	GlobalSection(ExtensibilityGlobals) = postSolution
		SolutionGuid = {CAE7EF96-B6F5-4062-8861-F776396065B6}
	EndGlobalSection
EndGlobal
